
Microsoft Visual Studio Solution File, Format Version 12.00
# Visual Studio Version 16
VisualStudioVersion = 16.0.29209.62
MinimumVisualStudioVersion = 10.0.40219.1
Project("{FAE04EC0-301F-11D3-BF4B-00C04F79EFBC}") = "TagHelperDemo", "TagHelperDemo.csproj", "{0A466A15-5B52-4BD6-9C4C-111EEEF3810A}"
EndProject
Global
	GlobalSection(SolutionConfigurationPlatforms) = preSolution
		Debug|Any CPU = Debug|Any CPU
		Release|Any CPU = Release|Any CPU
	EndGlobalSection
	GlobalSection(ProjectConfigurationPlatforms) = postSolution
		{0A466A15-5B52-4BD6-9C4C-111EEEF3810A}.Debug|Any CPU.ActiveCfg = Debug|Any CPU
		{0A466A15-5B52-4BD6-9C4C-111EEEF3810A}.Debug|Any CPU.Build.0 = Debug|Any CPU
		{0A466A15-5B52-4BD6-9C4C-111EEEF3810A}.Release|Any CPU.ActiveCfg = Release|Any CPU
		{0A466A15-5B52-4BD6-9C4C-111EEEF3810A}.Release|Any CPU.Build.0 = Release|Any CPU
	EndGlobalSection
	GlobalSection(SolutionProperties) = preSolution
		HideSolutionNode = FALSE
	EndGlobalSection
	GlobalSection(ExtensibilityGlobals) = postSolution
		SolutionGuid = {68FA594E-7AAD-4C95-B532-F074AF94E4FE}
	EndGlobalSection
EndGlobal
